
Microsoft Visual Studio Solution File, Format Version 12.00
# Visual Studio 14
VisualStudioVersion = 14.0.25420.1
MinimumVisualStudioVersion = 10.0.40219.1
Project("{FAE04EC0-301F-11D3-BF4B-00C04F79EFBC}") = "Module.Core", "Module.Core\Module.Core.csproj", "{610D7FBC-1F2D-436C-81EB-695EC15E15E5}"
EndProject
Project("{FAE04EC0-301F-11D3-BF4B-00C04F79EFBC}") = "Module.Application", "Module.Application\Module.Application.csproj", "{C6C4D9A4-AFAC-49B1-9949-715FA8223397}"
EndProject
Project("{FAE04EC0-301F-11D3-BF4B-00C04F79EFBC}") = "Module.Application.Validate", "Module.Application.Validate\Module.Application.Validate.csproj", "{00B415F7-9DA3-4AD7-92BF-172D4EB4863F}"
EndProject
Project("{FAE04EC0-301F-11D3-BF4B-00C04F79EFBC}") = "Module.WebApi", "Module.WebApi\Module.WebApi.csproj", "{26CDC923-2488-4515-BF91-98D08E2D1599}"
EndProject
Project("{FAE04EC0-301F-11D3-BF4B-00C04F79EFBC}") = "Module.Web", "Module.Web\Module.Web.csproj", "{9975E960-CA7B-4AB0-B6B1-D04ADD7B6AC6}"
EndProject
Project("{FAE04EC0-301F-11D3-BF4B-00C04F79EFBC}") = "Module.NLog", "Module.NLog\Module.NLog.csproj", "{A035B696-5DB6-4626-B1DF-B9B42AD2D0DC}"
EndProject
Project("{FAE04EC0-301F-11D3-BF4B-00C04F79EFBC}") = "Module.Tests", "Module.Tests\Module.Tests.csproj", "{2945EE22-10E9-4A64-9F9B-425D49F0C4EF}"
EndProject
Project("{2150E333-8FDC-42A3-9474-1A3956D46DE8}") = "Tests", "Tests", "{BC1B5AAE-EF03-44D8-8BCC-E443C0EE1E88}"
EndProject
Project("{FAE04EC0-301F-11D3-BF4B-00C04F79EFBC}") = "Module.Core.Tests", "Module.Core.Tests\Module.Core.Tests.csproj", "{2CC9953C-E0F8-4380-B5DC-481F3EAC3072}"
EndProject
Project("{FAE04EC0-301F-11D3-BF4B-00C04F79EFBC}") = "Module.NPOI", "Module.NPOI\Module.NPOI.csproj", "{496B2567-77C6-4D33-B8F5-248B431EBBC7}"
EndProject
Project("{FAE04EC0-301F-11D3-BF4B-00C04F79EFBC}") = "Module.NPOI.Tests", "Module.NPOI.Tests\Module.NPOI.Tests.csproj", "{F4C0BDF1-E604-469A-B988-BEF018D91ECD}"
EndProject
Project("{FAE04EC0-301F-11D3-BF4B-00C04F79EFBC}") = "Module.RuoKuai", "Module.RuoKuai\Module.RuoKuai.csproj", "{CEBF2A6E-F7C4-4005-B9E7-9AE303F9BFCA}"
EndProject
Project("{FAE04EC0-301F-11D3-BF4B-00C04F79EFBC}") = "Module.RuoKuai.Tests", "Module.RuoKuai.Tests\Module.RuoKuai.Tests.csproj", "{7357D539-5994-41E8-B20E-E3B5CAF4FB8C}"
EndProject
Project("{FAE04EC0-301F-11D3-BF4B-00C04F79EFBC}") = "Module.NLog.Tests", "Module.NLog.Tests\Module.NLog.Tests.csproj", "{444282D5-C986-48B6-8B04-5553F7B0DE15}"
EndProject
Project("{FAE04EC0-301F-11D3-BF4B-00C04F79EFBC}") = "Module.Application.Validate.Tests", "Module.Application.Validate.Tests\Module.Application.Validate.Tests.csproj", "{4238B641-7BD7-44BA-B870-F531339E0A9C}"
EndProject
Project("{FAE04EC0-301F-11D3-BF4B-00C04F79EFBC}") = "Module.Tests.Tests", "Module.Tests.Tests\Module.Tests.Tests.csproj", "{976ECE0C-1628-486D-93C1-16D30A072FB1}"
EndProject
Project("{FAE04EC0-301F-11D3-BF4B-00C04F79EFBC}") = "Module.OAuth", "Module.OAuth\Module.OAuth.csproj", "{238BEC6B-1D62-48DC-9F78-7A089EF60BDD}"
EndProject
Project("{FAE04EC0-301F-11D3-BF4B-00C04F79EFBC}") = "Module.OAuth.Tests", "Module.OAuth.Tests\Module.OAuth.Tests.csproj", "{A241DFE8-E4A7-4EDC-A2C3-8E54AC8C946C}"
EndProject
Global
	GlobalSection(SolutionConfigurationPlatforms) = preSolution
		Debug|Any CPU = Debug|Any CPU
		Release|Any CPU = Release|Any CPU
	EndGlobalSection
	GlobalSection(ProjectConfigurationPlatforms) = postSolution
		{610D7FBC-1F2D-436C-81EB-695EC15E15E5}.Debug|Any CPU.ActiveCfg = Debug|Any CPU
		{610D7FBC-1F2D-436C-81EB-695EC15E15E5}.Debug|Any CPU.Build.0 = Debug|Any CPU
		{610D7FBC-1F2D-436C-81EB-695EC15E15E5}.Release|Any CPU.ActiveCfg = Release|Any CPU
		{610D7FBC-1F2D-436C-81EB-695EC15E15E5}.Release|Any CPU.Build.0 = Release|Any CPU
		{C6C4D9A4-AFAC-49B1-9949-715FA8223397}.Debug|Any CPU.ActiveCfg = Debug|Any CPU
		{C6C4D9A4-AFAC-49B1-9949-715FA8223397}.Debug|Any CPU.Build.0 = Debug|Any CPU
		{C6C4D9A4-AFAC-49B1-9949-715FA8223397}.Release|Any CPU.ActiveCfg = Release|Any CPU
		{C6C4D9A4-AFAC-49B1-9949-715FA8223397}.Release|Any CPU.Build.0 = Release|Any CPU
		{00B415F7-9DA3-4AD7-92BF-172D4EB4863F}.Debug|Any CPU.ActiveCfg = Debug|Any CPU
		{00B415F7-9DA3-4AD7-92BF-172D4EB4863F}.Debug|Any CPU.Build.0 = Debug|Any CPU
		{00B415F7-9DA3-4AD7-92BF-172D4EB4863F}.Release|Any CPU.ActiveCfg = Release|Any CPU
		{00B415F7-9DA3-4AD7-92BF-172D4EB4863F}.Release|Any CPU.Build.0 = Release|Any CPU
		{26CDC923-2488-4515-BF91-98D08E2D1599}.Debug|Any CPU.ActiveCfg = Debug|Any CPU
		{26CDC923-2488-4515-BF91-98D08E2D1599}.Debug|Any CPU.Build.0 = Debug|Any CPU
		{26CDC923-2488-4515-BF91-98D08E2D1599}.Release|Any CPU.ActiveCfg = Release|Any CPU
		{26CDC923-2488-4515-BF91-98D08E2D1599}.Release|Any CPU.Build.0 = Release|Any CPU
		{9975E960-CA7B-4AB0-B6B1-D04ADD7B6AC6}.Debug|Any CPU.ActiveCfg = Debug|Any CPU
		{9975E960-CA7B-4AB0-B6B1-D04ADD7B6AC6}.Debug|Any CPU.Build.0 = Debug|Any CPU
		{9975E960-CA7B-4AB0-B6B1-D04ADD7B6AC6}.Release|Any CPU.ActiveCfg = Release|Any CPU
		{9975E960-CA7B-4AB0-B6B1-D04ADD7B6AC6}.Release|Any CPU.Build.0 = Release|Any CPU
		{A035B696-5DB6-4626-B1DF-B9B42AD2D0DC}.Debug|Any CPU.ActiveCfg = Debug|Any CPU
		{A035B696-5DB6-4626-B1DF-B9B42AD2D0DC}.Debug|Any CPU.Build.0 = Debug|Any CPU
		{A035B696-5DB6-4626-B1DF-B9B42AD2D0DC}.Release|Any CPU.ActiveCfg = Release|Any CPU
		{A035B696-5DB6-4626-B1DF-B9B42AD2D0DC}.Release|Any CPU.Build.0 = Release|Any CPU
		{2945EE22-10E9-4A64-9F9B-425D49F0C4EF}.Debug|Any CPU.ActiveCfg = Debug|Any CPU
		{2945EE22-10E9-4A64-9F9B-425D49F0C4EF}.Debug|Any CPU.Build.0 = Debug|Any CPU
		{2945EE22-10E9-4A64-9F9B-425D49F0C4EF}.Release|Any CPU.ActiveCfg = Release|Any CPU
		{2945EE22-10E9-4A64-9F9B-425D49F0C4EF}.Release|Any CPU.Build.0 = Release|Any CPU
		{2CC9953C-E0F8-4380-B5DC-481F3EAC3072}.Debug|Any CPU.ActiveCfg = Debug|Any CPU
		{2CC9953C-E0F8-4380-B5DC-481F3EAC3072}.Debug|Any CPU.Build.0 = Debug|Any CPU
		{2CC9953C-E0F8-4380-B5DC-481F3EAC3072}.Release|Any CPU.ActiveCfg = Release|Any CPU
		{2CC9953C-E0F8-4380-B5DC-481F3EAC3072}.Release|Any CPU.Build.0 = Release|Any CPU
		{496B2567-77C6-4D33-B8F5-248B431EBBC7}.Debug|Any CPU.ActiveCfg = Debug|Any CPU
		{496B2567-77C6-4D33-B8F5-248B431EBBC7}.Debug|Any CPU.Build.0 = Debug|Any CPU
		{496B2567-77C6-4D33-B8F5-248B431EBBC7}.Release|Any CPU.ActiveCfg = Release|Any CPU
		{496B2567-77C6-4D33-B8F5-248B431EBBC7}.Release|Any CPU.Build.0 = Release|Any CPU
		{F4C0BDF1-E604-469A-B988-BEF018D91ECD}.Debug|Any CPU.ActiveCfg = Debug|Any CPU
		{F4C0BDF1-E604-469A-B988-BEF018D91ECD}.Debug|Any CPU.Build.0 = Debug|Any CPU
		{F4C0BDF1-E604-469A-B988-BEF018D91ECD}.Release|Any CPU.ActiveCfg = Release|Any CPU
		{F4C0BDF1-E604-469A-B988-BEF018D91ECD}.Release|Any CPU.Build.0 = Release|Any CPU
		{CEBF2A6E-F7C4-4005-B9E7-9AE303F9BFCA}.Debug|Any CPU.ActiveCfg = Debug|Any CPU
		{CEBF2A6E-F7C4-4005-B9E7-9AE303F9BFCA}.Debug|Any CPU.Build.0 = Debug|Any CPU
		{CEBF2A6E-F7C4-4005-B9E7-9AE303F9BFCA}.Release|Any CPU.ActiveCfg = Release|Any CPU
		{CEBF2A6E-F7C4-4005-B9E7-9AE303F9BFCA}.Release|Any CPU.Build.0 = Release|Any CPU
		{7357D539-5994-41E8-B20E-E3B5CAF4FB8C}.Debug|Any CPU.ActiveCfg = Debug|Any CPU
		{7357D539-5994-41E8-B20E-E3B5CAF4FB8C}.Debug|Any CPU.Build.0 = Debug|Any CPU
		{7357D539-5994-41E8-B20E-E3B5CAF4FB8C}.Release|Any CPU.ActiveCfg = Release|Any CPU
		{7357D539-5994-41E8-B20E-E3B5CAF4FB8C}.Release|Any CPU.Build.0 = Release|Any CPU
		{444282D5-C986-48B6-8B04-5553F7B0DE15}.Debug|Any CPU.ActiveCfg = Debug|Any CPU
		{444282D5-C986-48B6-8B04-5553F7B0DE15}.Debug|Any CPU.Build.0 = Debug|Any CPU
		{444282D5-C986-48B6-8B04-5553F7B0DE15}.Release|Any CPU.ActiveCfg = Release|Any CPU
		{444282D5-C986-48B6-8B04-5553F7B0DE15}.Release|Any CPU.Build.0 = Release|Any CPU
		{4238B641-7BD7-44BA-B870-F531339E0A9C}.Debug|Any CPU.ActiveCfg = Debug|Any CPU
		{4238B641-7BD7-44BA-B870-F531339E0A9C}.Debug|Any CPU.Build.0 = Debug|Any CPU
		{4238B641-7BD7-44BA-B870-F531339E0A9C}.Release|Any CPU.ActiveCfg = Release|Any CPU
		{4238B641-7BD7-44BA-B870-F531339E0A9C}.Release|Any CPU.Build.0 = Release|Any CPU
		{976ECE0C-1628-486D-93C1-16D30A072FB1}.Debug|Any CPU.ActiveCfg = Debug|Any CPU
		{976ECE0C-1628-486D-93C1-16D30A072FB1}.Debug|Any CPU.Build.0 = Debug|Any CPU
		{976ECE0C-1628-486D-93C1-16D30A072FB1}.Release|Any CPU.ActiveCfg = Release|Any CPU
		{976ECE0C-1628-486D-93C1-16D30A072FB1}.Release|Any CPU.Build.0 = Release|Any CPU
		{238BEC6B-1D62-48DC-9F78-7A089EF60BDD}.Debug|Any CPU.ActiveCfg = Debug|Any CPU
		{238BEC6B-1D62-48DC-9F78-7A089EF60BDD}.Debug|Any CPU.Build.0 = Debug|Any CPU
		{238BEC6B-1D62-48DC-9F78-7A089EF60BDD}.Release|Any CPU.ActiveCfg = Release|Any CPU
		{238BEC6B-1D62-48DC-9F78-7A089EF60BDD}.Release|Any CPU.Build.0 = Release|Any CPU
		{A241DFE8-E4A7-4EDC-A2C3-8E54AC8C946C}.Debug|Any CPU.ActiveCfg = Debug|Any CPU
		{A241DFE8-E4A7-4EDC-A2C3-8E54AC8C946C}.Debug|Any CPU.Build.0 = Debug|Any CPU
		{A241DFE8-E4A7-4EDC-A2C3-8E54AC8C946C}.Release|Any CPU.ActiveCfg = Release|Any CPU
		{A241DFE8-E4A7-4EDC-A2C3-8E54AC8C946C}.Release|Any CPU.Build.0 = Release|Any CPU
	EndGlobalSection
	GlobalSection(SolutionProperties) = preSolution
		HideSolutionNode = FALSE
	EndGlobalSection
	GlobalSection(NestedProjects) = preSolution
		{2CC9953C-E0F8-4380-B5DC-481F3EAC3072} = {BC1B5AAE-EF03-44D8-8BCC-E443C0EE1E88}
		{F4C0BDF1-E604-469A-B988-BEF018D91ECD} = {BC1B5AAE-EF03-44D8-8BCC-E443C0EE1E88}
		{7357D539-5994-41E8-B20E-E3B5CAF4FB8C} = {BC1B5AAE-EF03-44D8-8BCC-E443C0EE1E88}
		{444282D5-C986-48B6-8B04-5553F7B0DE15} = {BC1B5AAE-EF03-44D8-8BCC-E443C0EE1E88}
		{4238B641-7BD7-44BA-B870-F531339E0A9C} = {BC1B5AAE-EF03-44D8-8BCC-E443C0EE1E88}
		{976ECE0C-1628-486D-93C1-16D30A072FB1} = {BC1B5AAE-EF03-44D8-8BCC-E443C0EE1E88}
		{A241DFE8-E4A7-4EDC-A2C3-8E54AC8C946C} = {BC1B5AAE-EF03-44D8-8BCC-E443C0EE1E88}
	EndGlobalSection
EndGlobal
